
Microsoft Visual Studio Solution File, Format Version 12.00
# Visual Studio Version 17
VisualStudioVersion = 17.11.35327.3
MinimumVisualStudioVersion = 10.0.40219.1
Project("{FAE04EC0-301F-11D3-BF4B-00C04F79EFBC}") = "S10267935B_S10258968K_PRG2Assignment", "S10267935B_S10258968K_PRG2Assignment.csproj", "{F4FE5E6D-2506-4917-B6A2-9A69A6258327}"
EndProject
Global
	GlobalSection(SolutionConfigurationPlatforms) = preSolution
		Debug|Any CPU = Debug|Any CPU
		Release|Any CPU = Release|Any CPU
	EndGlobalSection
	GlobalSection(ProjectConfigurationPlatforms) = postSolution
		{F4FE5E6D-2506-4917-B6A2-9A69A6258327}.Debug|Any CPU.ActiveCfg = Debug|Any CPU
		{F4FE5E6D-2506-4917-B6A2-9A69A6258327}.Debug|Any CPU.Build.0 = Debug|Any CPU
		{F4FE5E6D-2506-4917-B6A2-9A69A6258327}.Release|Any CPU.ActiveCfg = Release|Any CPU
		{F4FE5E6D-2506-4917-B6A2-9A69A6258327}.Release|Any CPU.Build.0 = Release|Any CPU
	EndGlobalSection
	GlobalSection(SolutionProperties) = preSolution
		HideSolutionNode = FALSE
	EndGlobalSection
	GlobalSection(ExtensibilityGlobals) = postSolution
		SolutionGuid = {5EE08902-09DC-4D64-BA5F-ED260C391C94}
	EndGlobalSection
EndGlobal
